
Microsoft Visual Studio Solution File, Format Version 12.00
# Visual Studio Version 16
VisualStudioVersion = 16.0.28721.148
MinimumVisualStudioVersion = 10.0.40219.1
Project("{FAE04EC0-301F-11D3-BF4B-00C04F79EFBC}") = "TemplateBindingExample", "TemplateBindingExample\TemplateBindingExample.csproj", "{C7C13CD0-277F-46B8-867E-00BABCB9C52C}"
EndProject
Global
	GlobalSection(SolutionConfigurationPlatforms) = preSolution
		Debug|Any CPU = Debug|Any CPU
		Release|Any CPU = Release|Any CPU
	EndGlobalSection
	GlobalSection(ProjectConfigurationPlatforms) = postSolution
		{C7C13CD0-277F-46B8-867E-00BABCB9C52C}.Debug|Any CPU.ActiveCfg = Debug|Any CPU
		{C7C13CD0-277F-46B8-867E-00BABCB9C52C}.Debug|Any CPU.Build.0 = Debug|Any CPU
		{C7C13CD0-277F-46B8-867E-00BABCB9C52C}.Release|Any CPU.ActiveCfg = Release|Any CPU
		{C7C13CD0-277F-46B8-867E-00BABCB9C52C}.Release|Any CPU.Build.0 = Release|Any CPU
	EndGlobalSection
	GlobalSection(SolutionProperties) = preSolution
		HideSolutionNode = FALSE
	EndGlobalSection
	GlobalSection(ExtensibilityGlobals) = postSolution
		SolutionGuid = {4D09EA73-A322-42E5-833E-0642A28C1C7C}
	EndGlobalSection
EndGlobal
