
Microsoft Visual Studio Solution File, Format Version 12.00
# Visual Studio Version 16
VisualStudioVersion = 16.0.28721.148
MinimumVisualStudioVersion = 10.0.40219.1
Project("{FAE04EC0-301F-11D3-BF4B-00C04F79EFBC}") = "FontsExample", "FontsExample\FontsExample.csproj", "{340D6A64-7FD5-4D02-AE31-5B86886E6556}"
EndProject
Global
	GlobalSection(SolutionConfigurationPlatforms) = preSolution
		Debug|Any CPU = Debug|Any CPU
		Release|Any CPU = Release|Any CPU
	EndGlobalSection
	GlobalSection(ProjectConfigurationPlatforms) = postSolution
		{340D6A64-7FD5-4D02-AE31-5B86886E6556}.Debug|Any CPU.ActiveCfg = Debug|Any CPU
		{340D6A64-7FD5-4D02-AE31-5B86886E6556}.Debug|Any CPU.Build.0 = Debug|Any CPU
		{340D6A64-7FD5-4D02-AE31-5B86886E6556}.Release|Any CPU.ActiveCfg = Release|Any CPU
		{340D6A64-7FD5-4D02-AE31-5B86886E6556}.Release|Any CPU.Build.0 = Release|Any CPU
	EndGlobalSection
	GlobalSection(SolutionProperties) = preSolution
		HideSolutionNode = FALSE
	EndGlobalSection
	GlobalSection(ExtensibilityGlobals) = postSolution
		SolutionGuid = {D260E2AF-BD95-49D8-8D34-47FF0AA6DF45}
	EndGlobalSection
EndGlobal
