
Microsoft Visual Studio Solution File, Format Version 12.00
# Visual Studio Version 16
VisualStudioVersion = 16.0.28407.52
MinimumVisualStudioVersion = 10.0.40219.1
Project("{FAE04EC0-301F-11D3-BF4B-00C04F79EFBC}") = "EventRoutingExample", "EventRoutingExample\EventRoutingExample.csproj", "{8D306A44-8A24-432D-9C24-5EDF8CB5B536}"
EndProject
Global
	GlobalSection(SolutionConfigurationPlatforms) = preSolution
		Debug|Any CPU = Debug|Any CPU
		Release|Any CPU = Release|Any CPU
	EndGlobalSection
	GlobalSection(ProjectConfigurationPlatforms) = postSolution
		{8D306A44-8A24-432D-9C24-5EDF8CB5B536}.Debug|Any CPU.ActiveCfg = Debug|Any CPU
		{8D306A44-8A24-432D-9C24-5EDF8CB5B536}.Debug|Any CPU.Build.0 = Debug|Any CPU
		{8D306A44-8A24-432D-9C24-5EDF8CB5B536}.Release|Any CPU.ActiveCfg = Release|Any CPU
		{8D306A44-8A24-432D-9C24-5EDF8CB5B536}.Release|Any CPU.Build.0 = Release|Any CPU
	EndGlobalSection
	GlobalSection(SolutionProperties) = preSolution
		HideSolutionNode = FALSE
	EndGlobalSection
	GlobalSection(ExtensibilityGlobals) = postSolution
		SolutionGuid = {D40FA938-6565-430F-BA62-E794933024BC}
	EndGlobalSection
EndGlobal
