
Microsoft Visual Studio Solution File, Format Version 12.00
# Visual Studio Version 16
VisualStudioVersion = 16.0.28705.295
MinimumVisualStudioVersion = 10.0.40219.1
Project("{FAE04EC0-301F-11D3-BF4B-00C04F79EFBC}") = "ConsoleApp1", "ConsoleApp1.csproj", "{001C3143-E105-46D2-BE8C-0AB2F1FBBCEB}"
EndProject
Global
	GlobalSection(SolutionConfigurationPlatforms) = preSolution
		Debug|Any CPU = Debug|Any CPU
		Release|Any CPU = Release|Any CPU
	EndGlobalSection
	GlobalSection(ProjectConfigurationPlatforms) = postSolution
		{001C3143-E105-46D2-BE8C-0AB2F1FBBCEB}.Debug|Any CPU.ActiveCfg = Debug|Any CPU
		{001C3143-E105-46D2-BE8C-0AB2F1FBBCEB}.Debug|Any CPU.Build.0 = Debug|Any CPU
		{001C3143-E105-46D2-BE8C-0AB2F1FBBCEB}.Release|Any CPU.ActiveCfg = Release|Any CPU
		{001C3143-E105-46D2-BE8C-0AB2F1FBBCEB}.Release|Any CPU.Build.0 = Release|Any CPU
	EndGlobalSection
	GlobalSection(SolutionProperties) = preSolution
		HideSolutionNode = FALSE
	EndGlobalSection
	GlobalSection(ExtensibilityGlobals) = postSolution
		SolutionGuid = {51EE267F-6ACC-4AD2-8E7C-B21C33AD844B}
	EndGlobalSection
EndGlobal
