
Microsoft Visual Studio Solution File, Format Version 12.00
# Visual Studio Version 16
VisualStudioVersion = 16.0.28407.52
MinimumVisualStudioVersion = 10.0.40219.1
Project("{FAE04EC0-301F-11D3-BF4B-00C04F79EFBC}") = "RadioButtonGroupingExample", "RadioButtonGroupingExample\RadioButtonGroupingExample.csproj", "{45695FBB-04FD-4369-9732-E537DDBB1AE5}"
EndProject
Global
	GlobalSection(SolutionConfigurationPlatforms) = preSolution
		Debug|Any CPU = Debug|Any CPU
		Release|Any CPU = Release|Any CPU
	EndGlobalSection
	GlobalSection(ProjectConfigurationPlatforms) = postSolution
		{45695FBB-04FD-4369-9732-E537DDBB1AE5}.Debug|Any CPU.ActiveCfg = Debug|Any CPU
		{45695FBB-04FD-4369-9732-E537DDBB1AE5}.Debug|Any CPU.Build.0 = Debug|Any CPU
		{45695FBB-04FD-4369-9732-E537DDBB1AE5}.Release|Any CPU.ActiveCfg = Release|Any CPU
		{45695FBB-04FD-4369-9732-E537DDBB1AE5}.Release|Any CPU.Build.0 = Release|Any CPU
	EndGlobalSection
	GlobalSection(SolutionProperties) = preSolution
		HideSolutionNode = FALSE
	EndGlobalSection
	GlobalSection(ExtensibilityGlobals) = postSolution
		SolutionGuid = {E87CAE20-8BD4-4B6D-B39D-709D93D1990F}
	EndGlobalSection
EndGlobal
